// !$*UTF8*$!
{
	archiveVersion = 1;
	classes = {
	};
	objectVersion = 56;
	objects = {

/* Begin PBXBuildFile section */
		F3012E492EAF8DB300C4AE62 /* weatherAppApp.swift in Sources */ = {isa = PBXBuildFile; fileRef = F3012E482EAF8DB300C4AE62 /* weatherAppApp.swift */; };
		F3012E4B2EAF8DB300C4AE62 /* ContentView.swift in Sources */ = {isa = PBXBuildFile; fileRef = F3012E4A2EAF8DB300C4AE62 /* ContentView.swift */; };
		F3012E4D2EAF8DB400C4AE62 /* Assets.xcassets in Resources */ = {isa = PBXBuildFile; fileRef = F3012E4C2EAF8DB400C4AE62 /* Assets.xcassets */; };
		F3012E502EAF8DB400C4AE62 /* Preview Assets.xcassets in Resources */ = {isa = PBXBuildFile; fileRef = F3012E4F2EAF8DB400C4AE62 /* Preview Assets.xcassets */; };
		F3012E5B2EAF9ECC00C4AE62 /* WeatherModel.swift in Sources */ = {isa = PBXBuildFile; fileRef = F3012E5A2EAF9ECC00C4AE62 /* WeatherModel.swift */; };
		F3012E5F2EAFB30400C4AE62 /* APIErrorResponse.swift in Sources */ = {isa = PBXBuildFile; fileRef = F3012E5E2EAFB30400C4AE62 /* APIErrorResponse.swift */; };
		F3012E612EAFB33900C4AE62 /* NetworkError.swift in Sources */ = {isa = PBXBuildFile; fileRef = F3012E602EAFB33900C4AE62 /* NetworkError.swift */; };
		F3012E632EAFB35100C4AE62 /* NetworkManager.swift in Sources */ = {isa = PBXBuildFile; fileRef = F3012E622EAFB35100C4AE62 /* NetworkManager.swift */; };
		F3012E652EAFB73000C4AE62 /* Localizable.xcstrings in Resources */ = {isa = PBXBuildFile; fileRef = F3012E642EAFB73000C4AE62 /* Localizable.xcstrings */; };
		F3012E682EAFB8D500C4AE62 /* DateExtensions.swift in Sources */ = {isa = PBXBuildFile; fileRef = F3012E672EAFB8D500C4AE62 /* DateExtensions.swift */; };
		F3012E6A2EAFB8F100C4AE62 /* WeatherViewModel.swift in Sources */ = {isa = PBXBuildFile; fileRef = F3012E692EAFB8F100C4AE62 /* WeatherViewModel.swift */; };
		F3012E6C2EAFB91400C4AE62 /* WeatherForecastViewModel.swift in Sources */ = {isa = PBXBuildFile; fileRef = F3012E6B2EAFB91400C4AE62 /* WeatherForecastViewModel.swift */; };
		F3012E6E2EAFB93E00C4AE62 /* ForecastViewModelProtocol.swift in Sources */ = {isa = PBXBuildFile; fileRef = F3012E6D2EAFB93E00C4AE62 /* ForecastViewModelProtocol.swift */; };
		F3012E702EAFB95900C4AE62 /* WeatherViewModelProtocol.swift in Sources */ = {isa = PBXBuildFile; fileRef = F3012E6F2EAFB95900C4AE62 /* WeatherViewModelProtocol.swift */; };
		F3012E722EAFBB4200C4AE62 /* AppScreensNavigation.swift in Sources */ = {isa = PBXBuildFile; fileRef = F3012E712EAFBB4200C4AE62 /* AppScreensNavigation.swift */; };
		F3012E742EAFBB6600C4AE62 /* ForecastView.swift in Sources */ = {isa = PBXBuildFile; fileRef = F3012E732EAFBB6600C4AE62 /* ForecastView.swift */; };
		F3012E762EAFBB8400C4AE62 /* WeatherScreen.swift in Sources */ = {isa = PBXBuildFile; fileRef = F3012E752EAFBB8400C4AE62 /* WeatherScreen.swift */; };
/* End PBXBuildFile section */

/* Begin PBXFileReference section */
		F3012E452EAF8DB300C4AE62 /* weatherApp.app */ = {isa = PBXFileReference; explicitFileType = wrapper.application; includeInIndex = 0; path = weatherApp.app; sourceTree = BUILT_PRODUCTS_DIR; };
		F3012E482EAF8DB300C4AE62 /* weatherAppApp.swift */ = {isa = PBXFileReference; lastKnownFileType = sourcecode.swift; path = weatherAppApp.swift; sourceTree = "<group>"; };
		F3012E4A2EAF8DB300C4AE62 /* ContentView.swift */ = {isa = PBXFileReference; lastKnownFileType = sourcecode.swift; path = ContentView.swift; sourceTree = "<group>"; };
		F3012E4C2EAF8DB400C4AE62 /* Assets.xcassets */ = {isa = PBXFileReference; lastKnownFileType = folder.assetcatalog; path = Assets.xcassets; sourceTree = "<group>"; };
		F3012E4F2EAF8DB400C4AE62 /* Preview Assets.xcassets */ = {isa = PBXFileReference; lastKnownFileType = folder.assetcatalog; path = "Preview Assets.xcassets"; sourceTree = "<group>"; };
		F3012E5A2EAF9ECC00C4AE62 /* WeatherModel.swift */ = {isa = PBXFileReference; lastKnownFileType = sourcecode.swift; path = WeatherModel.swift; sourceTree = "<group>"; };
		F3012E5C2EAFA24D00C4AE62 /* Info.plist */ = {isa = PBXFileReference; lastKnownFileType = text.plist.xml; path = Info.plist; sourceTree = "<group>"; };
		F3012E5E2EAFB30400C4AE62 /* APIErrorResponse.swift */ = {isa = PBXFileReference; lastKnownFileType = sourcecode.swift; path = APIErrorResponse.swift; sourceTree = "<group>"; };
		F3012E602EAFB33900C4AE62 /* NetworkError.swift */ = {isa = PBXFileReference; lastKnownFileType = sourcecode.swift; path = NetworkError.swift; sourceTree = "<group>"; };
		F3012E622EAFB35100C4AE62 /* NetworkManager.swift */ = {isa = PBXFileReference; lastKnownFileType = sourcecode.swift; path = NetworkManager.swift; sourceTree = "<group>"; };
		F3012E642EAFB73000C4AE62 /* Localizable.xcstrings */ = {isa = PBXFileReference; lastKnownFileType = text.json.xcstrings; path = Localizable.xcstrings; sourceTree = "<group>"; };
		F3012E672EAFB8D500C4AE62 /* DateExtensions.swift */ = {isa = PBXFileReference; lastKnownFileType = sourcecode.swift; path = DateExtensions.swift; sourceTree = "<group>"; };
		F3012E692EAFB8F100C4AE62 /* WeatherViewModel.swift */ = {isa = PBXFileReference; lastKnownFileType = sourcecode.swift; path = WeatherViewModel.swift; sourceTree = "<group>"; };
		F3012E6B2EAFB91400C4AE62 /* WeatherForecastViewModel.swift */ = {isa = PBXFileReference; lastKnownFileType = sourcecode.swift; path = WeatherForecastViewModel.swift; sourceTree = "<group>"; };
		F3012E6D2EAFB93E00C4AE62 /* ForecastViewModelProtocol.swift */ = {isa = PBXFileReference; lastKnownFileType = sourcecode.swift; path = ForecastViewModelProtocol.swift; sourceTree = "<group>"; };
		F3012E6F2EAFB95900C4AE62 /* WeatherViewModelProtocol.swift */ = {isa = PBXFileReference; lastKnownFileType = sourcecode.swift; path = WeatherViewModelProtocol.swift; sourceTree = "<group>"; };
		F3012E712EAFBB4200C4AE62 /* AppScreensNavigation.swift */ = {isa = PBXFileReference; lastKnownFileType = sourcecode.swift; path = AppScreensNavigation.swift; sourceTree = "<group>"; };
		F3012E732EAFBB6600C4AE62 /* ForecastView.swift */ = {isa = PBXFileReference; lastKnownFileType = sourcecode.swift; path = ForecastView.swift; sourceTree = "<group>"; };
		F3012E752EAFBB8400C4AE62 /* WeatherScreen.swift */ = {isa = PBXFileReference; lastKnownFileType = sourcecode.swift; path = WeatherScreen.swift; sourceTree = "<group>"; };
		F3012E772EAFBF7000C4AE62 /* Config.xcconfig */ = {isa = PBXFileReference; lastKnownFileType = text.xcconfig; path = Config.xcconfig; sourceTree = "<group>"; };
/* End PBXFileReference section */

/* Begin PBXFrameworksBuildPhase section */
		F3012E422EAF8DB300C4AE62 /* Frameworks */ = {
			isa = PBXFrameworksBuildPhase;
			buildActionMask = 2147483647;
			files = (
			);
			runOnlyForDeploymentPostprocessing = 0;
		};
/* End PBXFrameworksBuildPhase section */

/* Begin PBXGroup section */
		F3012E3C2EAF8DB300C4AE62 = {
			isa = PBXGroup;
			children = (
				F3012E472EAF8DB300C4AE62 /* weatherApp */,
				F3012E462EAF8DB300C4AE62 /* Products */,
			);
			sourceTree = "<group>";
		};
		F3012E462EAF8DB300C4AE62 /* Products */ = {
			isa = PBXGroup;
			children = (
				F3012E452EAF8DB300C4AE62 /* weatherApp.app */,
			);
			name = Products;
			sourceTree = "<group>";
		};
		F3012E472EAF8DB300C4AE62 /* weatherApp */ = {
			isa = PBXGroup;
			children = (
				F3012E592EAF9D4B00C4AE62 /* NetworkManager */,
				F3012E582EAF9D4200C4AE62 /* View */,
				F3012E572EAF9D2C00C4AE62 /* ViewModel */,
				F3012E562EAF9D2300C4AE62 /* Model */,
				F3012E482EAF8DB300C4AE62 /* weatherAppApp.swift */,
				F3012E4A2EAF8DB300C4AE62 /* ContentView.swift */,
				F3012E4C2EAF8DB400C4AE62 /* Assets.xcassets */,
				F3012E4E2EAF8DB400C4AE62 /* Preview Content */,
				F3012E5C2EAFA24D00C4AE62 /* Info.plist */,
				F3012E642EAFB73000C4AE62 /* Localizable.xcstrings */,
				F3012E772EAFBF7000C4AE62 /* Config.xcconfig */,
			);
			path = weatherApp;
			sourceTree = "<group>";
		};
		F3012E4E2EAF8DB400C4AE62 /* Preview Content */ = {
			isa = PBXGroup;
			children = (
				F3012E4F2EAF8DB400C4AE62 /* Preview Assets.xcassets */,
			);
			path = "Preview Content";
			sourceTree = "<group>";
		};
		F3012E562EAF9D2300C4AE62 /* Model */ = {
			isa = PBXGroup;
			children = (
				F3012E5A2EAF9ECC00C4AE62 /* WeatherModel.swift */,
			);
			path = Model;
			sourceTree = "<group>";
		};
		F3012E572EAF9D2C00C4AE62 /* ViewModel */ = {
			isa = PBXGroup;
			children = (
				F3012E662EAFB8A700C4AE62 /* Protocols */,
				F3012E672EAFB8D500C4AE62 /* DateExtensions.swift */,
				F3012E692EAFB8F100C4AE62 /* WeatherViewModel.swift */,
				F3012E6B2EAFB91400C4AE62 /* WeatherForecastViewModel.swift */,
			);
			path = ViewModel;
			sourceTree = "<group>";
		};
		F3012E582EAF9D4200C4AE62 /* View */ = {
			isa = PBXGroup;
			children = (
				F3012E712EAFBB4200C4AE62 /* AppScreensNavigation.swift */,
				F3012E732EAFBB6600C4AE62 /* ForecastView.swift */,
				F3012E752EAFBB8400C4AE62 /* WeatherScreen.swift */,
			);
			path = View;
			sourceTree = "<group>";
		};
		F3012E592EAF9D4B00C4AE62 /* NetworkManager */ = {
			isa = PBXGroup;
			children = (
				F3012E5E2EAFB30400C4AE62 /* APIErrorResponse.swift */,
				F3012E602EAFB33900C4AE62 /* NetworkError.swift */,
				F3012E622EAFB35100C4AE62 /* NetworkManager.swift */,
			);
			path = NetworkManager;
			sourceTree = "<group>";
		};
		F3012E662EAFB8A700C4AE62 /* Protocols */ = {
			isa = PBXGroup;
			children = (
				F3012E6D2EAFB93E00C4AE62 /* ForecastViewModelProtocol.swift */,
				F3012E6F2EAFB95900C4AE62 /* WeatherViewModelProtocol.swift */,
			);
			path = Protocols;
			sourceTree = "<group>";
		};
/* End PBXGroup section */

/* Begin PBXNativeTarget section */
		F3012E442EAF8DB300C4AE62 /* weatherApp */ = {
			isa = PBXNativeTarget;
			buildConfigurationList = F3012E532EAF8DB400C4AE62 /* Build configuration list for PBXNativeTarget "weatherApp" */;
			buildPhases = (
				F3012E412EAF8DB300C4AE62 /* Sources */,
				F3012E422EAF8DB300C4AE62 /* Frameworks */,
				F3012E432EAF8DB300C4AE62 /* Resources */,
			);
			buildRules = (
			);
			dependencies = (
			);
			name = weatherApp;
			productName = weatherApp;
			productReference = F3012E452EAF8DB300C4AE62 /* weatherApp.app */;
			productType = "com.apple.product-type.application";
		};
/* End PBXNativeTarget section */

/* Begin PBXProject section */
		F3012E3D2EAF8DB300C4AE62 /* Project object */ = {
			isa = PBXProject;
			attributes = {
				BuildIndependentTargetsInParallel = 1;
				LastSwiftUpdateCheck = 1540;
				LastUpgradeCheck = 1540;
				TargetAttributes = {
					F3012E442EAF8DB300C4AE62 = {
						CreatedOnToolsVersion = 15.4;
					};
				};
			};
			buildConfigurationList = F3012E402EAF8DB300C4AE62 /* Build configuration list for PBXProject "weatherApp" */;
			compatibilityVersion = "Xcode 14.0";
			developmentRegion = en;
			hasScannedForEncodings = 0;
			knownRegions = (
				en,
				Base,
				uk,
			);
			mainGroup = F3012E3C2EAF8DB300C4AE62;
			productRefGroup = F3012E462EAF8DB300C4AE62 /* Products */;
			projectDirPath = "";
			projectRoot = "";
			targets = (
				F3012E442EAF8DB300C4AE62 /* weatherApp */,
			);
		};
/* End PBXProject section */

/* Begin PBXResourcesBuildPhase section */
		F3012E432EAF8DB300C4AE62 /* Resources */ = {
			isa = PBXResourcesBuildPhase;
			buildActionMask = 2147483647;
			files = (
				F3012E502EAF8DB400C4AE62 /* Preview Assets.xcassets in Resources */,
				F3012E4D2EAF8DB400C4AE62 /* Assets.xcassets in Resources */,
				F3012E652EAFB73000C4AE62 /* Localizable.xcstrings in Resources */,
			);
			runOnlyForDeploymentPostprocessing = 0;
		};
/* End PBXResourcesBuildPhase section */

/* Begin PBXSourcesBuildPhase section */
		F3012E412EAF8DB300C4AE62 /* Sources */ = {
			isa = PBXSourcesBuildPhase;
			buildActionMask = 2147483647;
			files = (
				F3012E6C2EAFB91400C4AE62 /* WeatherForecastViewModel.swift in Sources */,
				F3012E722EAFBB4200C4AE62 /* AppScreensNavigation.swift in Sources */,
				F3012E682EAFB8D500C4AE62 /* DateExtensions.swift in Sources */,
				F3012E632EAFB35100C4AE62 /* NetworkManager.swift in Sources */,
				F3012E5F2EAFB30400C4AE62 /* APIErrorResponse.swift in Sources */,
				F3012E4B2EAF8DB300C4AE62 /* ContentView.swift in Sources */,
				F3012E762EAFBB8400C4AE62 /* WeatherScreen.swift in Sources */,
				F3012E742EAFBB6600C4AE62 /* ForecastView.swift in Sources */,
				F3012E6E2EAFB93E00C4AE62 /* ForecastViewModelProtocol.swift in Sources */,
				F3012E5B2EAF9ECC00C4AE62 /* WeatherModel.swift in Sources */,
				F3012E6A2EAFB8F100C4AE62 /* WeatherViewModel.swift in Sources */,
				F3012E492EAF8DB300C4AE62 /* weatherAppApp.swift in Sources */,
				F3012E612EAFB33900C4AE62 /* NetworkError.swift in Sources */,
				F3012E702EAFB95900C4AE62 /* WeatherViewModelProtocol.swift in Sources */,
			);
			runOnlyForDeploymentPostprocessing = 0;
		};
/* End PBXSourcesBuildPhase section */

/* Begin XCBuildConfiguration section */
		F3012E512EAF8DB400C4AE62 /* Debug */ = {
			isa = XCBuildConfiguration;
			baseConfigurationReference = F3012E772EAFBF7000C4AE62 /* Config.xcconfig */;
			buildSettings = {
				ALWAYS_SEARCH_USER_PATHS = NO;
				ASSETCATALOG_COMPILER_GENERATE_SWIFT_ASSET_SYMBOL_EXTENSIONS = YES;
				CLANG_ANALYZER_NONNULL = YES;
				CLANG_ANALYZER_NUMBER_OBJECT_CONVERSION = YES_AGGRESSIVE;
				CLANG_CXX_LANGUAGE_STANDARD = "gnu++20";
				CLANG_ENABLE_MODULES = YES;
				CLANG_ENABLE_OBJC_ARC = YES;
				CLANG_ENABLE_OBJC_WEAK = YES;
				CLANG_WARN_BLOCK_CAPTURE_AUTORELEASING = YES;
				CLANG_WARN_BOOL_CONVERSION = YES;
				CLANG_WARN_COMMA = YES;
				CLANG_WARN_CONSTANT_CONVERSION = YES;
				CLANG_WARN_DEPRECATED_OBJC_IMPLEMENTATIONS = YES;
				CLANG_WARN_DIRECT_OBJC_ISA_USAGE = YES_ERROR;
				CLANG_WARN_DOCUMENTATION_COMMENTS = YES;
				CLANG_WARN_EMPTY_BODY = YES;
				CLANG_WARN_ENUM_CONVERSION = YES;
				CLANG_WARN_INFINITE_RECURSION = YES;
				CLANG_WARN_INT_CONVERSION = YES;
				CLANG_WARN_NON_LITERAL_NULL_CONVERSION = YES;
				CLANG_WARN_OBJC_IMPLICIT_RETAIN_SELF = YES;
				CLANG_WARN_OBJC_LITERAL_CONVERSION = YES;
				CLANG_WARN_OBJC_ROOT_CLASS = YES_ERROR;
				CLANG_WARN_QUOTED_INCLUDE_IN_FRAMEWORK_HEADER = YES;
				CLANG_WARN_RANGE_LOOP_ANALYSIS = YES;
				CLANG_WARN_STRICT_PROTOTYPES = YES;
				CLANG_WARN_SUSPICIOUS_MOVE = YES;
				CLANG_WARN_UNGUARDED_AVAILABILITY = YES_AGGRESSIVE;
				CLANG_WARN_UNREACHABLE_CODE = YES;
				CLANG_WARN__DUPLICATE_METHOD_MATCH = YES;
				COPY_PHASE_STRIP = NO;
				DEBUG_INFORMATION_FORMAT = dwarf;
				ENABLE_STRICT_OBJC_MSGSEND = YES;
				ENABLE_TESTABILITY = YES;
				ENABLE_USER_SCRIPT_SANDBOXING = YES;
				GCC_C_LANGUAGE_STANDARD = gnu17;
				GCC_DYNAMIC_NO_PIC = NO;
				GCC_NO_COMMON_BLOCKS = YES;
				GCC_OPTIMIZATION_LEVEL = 0;
				GCC_PREPROCESSOR_DEFINITIONS = (
					"DEBUG=1",
					"$(inherited)",
				);
				GCC_WARN_64_TO_32_BIT_CONVERSION = YES;
				GCC_WARN_ABOUT_RETURN_TYPE = YES_ERROR;
				GCC_WARN_UNDECLARED_SELECTOR = YES;
				GCC_WARN_UNINITIALIZED_AUTOS = YES_AGGRESSIVE;
				GCC_WARN_UNUSED_FUNCTION = YES;
				GCC_WARN_UNUSED_VARIABLE = YES;
				IPHONEOS_DEPLOYMENT_TARGET = 17.5;
				LOCALIZATION_PREFERS_STRING_CATALOGS = YES;
				MTL_ENABLE_DEBUG_INFO = INCLUDE_SOURCE;
				MTL_FAST_MATH = YES;
				ONLY_ACTIVE_ARCH = YES;
				SDKROOT = iphoneos;
				SWIFT_ACTIVE_COMPILATION_CONDITIONS = "DEBUG $(inherited)";
				SWIFT_OPTIMIZATION_LEVEL = "-Onone";
			};
			name = Debug;
		};
		F3012E522EAF8DB400C4AE62 /* Release */ = {
			isa = XCBuildConfiguration;
			baseConfigurationReference = F3012E772EAFBF7000C4AE62 /* Config.xcconfig */;
			buildSettings = {
				ALWAYS_SEARCH_USER_PATHS = NO;
				ASSETCATALOG_COMPILER_GENERATE_SWIFT_ASSET_SYMBOL_EXTENSIONS = YES;
				CLANG_ANALYZER_NONNULL = YES;
				CLANG_ANALYZER_NUMBER_OBJECT_CONVERSION = YES_AGGRESSIVE;
				CLANG_CXX_LANGUAGE_STANDARD = "gnu++20";
				CLANG_ENABLE_MODULES = YES;
				CLANG_ENABLE_OBJC_ARC = YES;
				CLANG_ENABLE_OBJC_WEAK = YES;
				CLANG_WARN_BLOCK_CAPTURE_AUTORELEASING = YES;
				CLANG_WARN_BOOL_CONVERSION = YES;
				CLANG_WARN_COMMA = YES;
				CLANG_WARN_CONSTANT_CONVERSION = YES;
				CLANG_WARN_DEPRECATED_OBJC_IMPLEMENTATIONS = YES;
				CLANG_WARN_DIRECT_OBJC_ISA_USAGE = YES_ERROR;
				CLANG_WARN_DOCUMENTATION_COMMENTS = YES;
				CLANG_WARN_EMPTY_BODY = YES;
				CLANG_WARN_ENUM_CONVERSION = YES;
				CLANG_WARN_INFINITE_RECURSION = YES;
				CLANG_WARN_INT_CONVERSION = YES;
				CLANG_WARN_NON_LITERAL_NULL_CONVERSION = YES;
				CLANG_WARN_OBJC_IMPLICIT_RETAIN_SELF = YES;
				CLANG_WARN_OBJC_LITERAL_CONVERSION = YES;
				CLANG_WARN_OBJC_ROOT_CLASS = YES_ERROR;
				CLANG_WARN_QUOTED_INCLUDE_IN_FRAMEWORK_HEADER = YES;
				CLANG_WARN_RANGE_LOOP_ANALYSIS = YES;
				CLANG_WARN_STRICT_PROTOTYPES = YES;
				CLANG_WARN_SUSPICIOUS_MOVE = YES;
				CLANG_WARN_UNGUARDED_AVAILABILITY = YES_AGGRESSIVE;
				CLANG_WARN_UNREACHABLE_CODE = YES;
				CLANG_WARN__DUPLICATE_METHOD_MATCH = YES;
				COPY_PHASE_STRIP = NO;
				DEBUG_INFORMATION_FORMAT = "dwarf-with-dsym";
				ENABLE_NS_ASSERTIONS = NO;
				ENABLE_STRICT_OBJC_MSGSEND = YES;
				ENABLE_USER_SCRIPT_SANDBOXING = YES;
				GCC_C_LANGUAGE_STANDARD = gnu17;
				GCC_NO_COMMON_BLOCKS = YES;
				GCC_WARN_64_TO_32_BIT_CONVERSION = YES;
				GCC_WARN_ABOUT_RETURN_TYPE = YES_ERROR;
				GCC_WARN_UNDECLARED_SELECTOR = YES;
				GCC_WARN_UNINITIALIZED_AUTOS = YES_AGGRESSIVE;
				GCC_WARN_UNUSED_FUNCTION = YES;
				GCC_WARN_UNUSED_VARIABLE = YES;
				IPHONEOS_DEPLOYMENT_TARGET = 17.5;
				LOCALIZATION_PREFERS_STRING_CATALOGS = YES;
				MTL_ENABLE_DEBUG_INFO = NO;
				MTL_FAST_MATH = YES;
				SDKROOT = iphoneos;
				SWIFT_COMPILATION_MODE = wholemodule;
				VALIDATE_PRODUCT = YES;
			};
			name = Release;
		};
		F3012E542EAF8DB400C4AE62 /* Debug */ = {
			isa = XCBuildConfiguration;
			buildSettings = {
				ASSETCATALOG_COMPILER_APPICON_NAME = AppIcon;
				ASSETCATALOG_COMPILER_GLOBAL_ACCENT_COLOR_NAME = AccentColor;
				CODE_SIGN_STYLE = Automatic;
				CURRENT_PROJECT_VERSION = 1;
				DEVELOPMENT_ASSET_PATHS = "\"weatherApp/Preview Content\"";
				DEVELOPMENT_TEAM = 3VS5PSVZBG;
				ENABLE_PREVIEWS = YES;
				GENERATE_INFOPLIST_FILE = NO;
				INFOPLIST_FILE = /Users/vladick/Desktop/nayka/weatherApp/weatherApp/Info.plist;
				INFOPLIST_KEY_UIApplicationSceneManifest_Generation = NO;
				INFOPLIST_KEY_UIApplicationSupportsIndirectInputEvents = YES;
				INFOPLIST_KEY_UILaunchScreen_Generation = NO;
				INFOPLIST_KEY_UISupportedInterfaceOrientations_iPad = "UIInterfaceOrientationPortrait UIInterfaceOrientationPortraitUpsideDown UIInterfaceOrientationLandscapeLeft UIInterfaceOrientationLandscapeRight";
				INFOPLIST_KEY_UISupportedInterfaceOrientations_iPhone = "UIInterfaceOrientationPortrait UIInterfaceOrientationLandscapeLeft UIInterfaceOrientationLandscapeRight";
				LD_RUNPATH_SEARCH_PATHS = (
					"$(inherited)",
					"@executable_path/Frameworks",
				);
				MARKETING_VERSION = 1.0;
				PRODUCT_BUNDLE_IDENTIFIER = me2.weatherApp;
				PRODUCT_NAME = "$(TARGET_NAME)";
				SWIFT_EMIT_LOC_STRINGS = YES;
				SWIFT_VERSION = 5.0;
				TARGETED_DEVICE_FAMILY = "1,2";
			};
			name = Debug;
		};
		F3012E552EAF8DB400C4AE62 /* Release */ = {
			isa = XCBuildConfiguration;
			buildSettings = {
				ASSETCATALOG_COMPILER_APPICON_NAME = AppIcon;
				ASSETCATALOG_COMPILER_GLOBAL_ACCENT_COLOR_NAME = AccentColor;
				CODE_SIGN_STYLE = Automatic;
				CURRENT_PROJECT_VERSION = 1;
				DEVELOPMENT_ASSET_PATHS = "\"weatherApp/Preview Content\"";
				DEVELOPMENT_TEAM = 3VS5PSVZBG;
				ENABLE_PREVIEWS = YES;
				GENERATE_INFOPLIST_FILE = NO;
				INFOPLIST_FILE = /Users/vladick/Desktop/nayka/weatherApp/weatherApp/Info.plist;
				INFOPLIST_KEY_UIApplicationSceneManifest_Generation = NO;
				INFOPLIST_KEY_UIApplicationSupportsIndirectInputEvents = YES;
				INFOPLIST_KEY_UILaunchScreen_Generation = NO;
				INFOPLIST_KEY_UISupportedInterfaceOrientations_iPad = "UIInterfaceOrientationPortrait UIInterfaceOrientationPortraitUpsideDown UIInterfaceOrientationLandscapeLeft UIInterfaceOrientationLandscapeRight";
				INFOPLIST_KEY_UISupportedInterfaceOrientations_iPhone = "UIInterfaceOrientationPortrait UIInterfaceOrientationLandscapeLeft UIInterfaceOrientationLandscapeRight";
				LD_RUNPATH_SEARCH_PATHS = (
					"$(inherited)",
					"@executable_path/Frameworks",
				);
				MARKETING_VERSION = 1.0;
				PRODUCT_BUNDLE_IDENTIFIER = me2.weatherApp;
				PRODUCT_NAME = "$(TARGET_NAME)";
				SWIFT_EMIT_LOC_STRINGS = YES;
				SWIFT_VERSION = 5.0;
				TARGETED_DEVICE_FAMILY = "1,2";
			};
			name = Release;
		};
/* End XCBuildConfiguration section */

/* Begin XCConfigurationList section */
		F3012E402EAF8DB300C4AE62 /* Build configuration list for PBXProject "weatherApp" */ = {
			isa = XCConfigurationList;
			buildConfigurations = (
				F3012E512EAF8DB400C4AE62 /* Debug */,
				F3012E522EAF8DB400C4AE62 /* Release */,
			);
			defaultConfigurationIsVisible = 0;
			defaultConfigurationName = Release;
		};
		F3012E532EAF8DB400C4AE62 /* Build configuration list for PBXNativeTarget "weatherApp" */ = {
			isa = XCConfigurationList;
			buildConfigurations = (
				F3012E542EAF8DB400C4AE62 /* Debug */,
				F3012E552EAF8DB400C4AE62 /* Release */,
			);
			defaultConfigurationIsVisible = 0;
			defaultConfigurationName = Release;
		};
/* End XCConfigurationList section */
	};
	rootObject = F3012E3D2EAF8DB300C4AE62 /* Project object */;
}
